{
  "name": "express-validatorjs",
  "version": "0.0.1",
  "lockfileVersion": 1,
  "requires": true,
  "dependencies": {
    "date-fns": {
      "version": "2.1.0",
      "resolved": "https://registry.npmjs.org/date-fns/-/date-fns-2.1.0.tgz",
      "integrity": "sha512-eKeLk3sLCnxB/0PN4t1+zqDtSs4jb4mXRSTZ2okmx/myfWyDqeO4r5nnmA5LClJiCwpuTMeK2v5UQPuE4uMaxA=="
    },
    "express-input": {
      "version": "0.0.2",
      "resolved": "https://registry.npmjs.org/express-input/-/express-input-0.0.2.tgz",
      "integrity": "sha512-vpv4KJW4k4e4C9KkBpPl4ohkq9rYEuF6GqP1EkV7c9GKTtHYQzyIM2NXIGKhKztHKXTYmi2CGx7QYsOXmDMAwQ==",
      "requires": {
        "lodash.defaults": "^4.2.0",
        "lodash.get": "^4.4.2"
      }
    },
    "lodash.defaults": {
      "version": "4.2.0",
      "resolved": "https://registry.npmjs.org/lodash.defaults/-/lodash.defaults-4.2.0.tgz",
      "integrity": "sha1-0JF4cW/+pN3p5ft7N/bwgCJ0WAw="
    },
    "lodash.get": {
      "version": "4.4.2",
      "resolved": "https://registry.npmjs.org/lodash.get/-/lodash.get-4.4.2.tgz",
      "integrity": "sha1-LRd/ZS+jHpObRDjVNBSZ36OCXpk="
    },
    "validatorjs": {
      "version": "3.18.1",
      "resolved": "https://registry.npmjs.org/validatorjs/-/validatorjs-3.18.1.tgz",
      "integrity": "sha512-ZyHd0lJKNft3nUe+tYtTui2B5GwdKexWB55qNljccJouW/eo06YhYpCYjPlN/F5n/o0eS1uvb1Janh6eRl+TBQ==",
      "requires": {
        "date-fns": "2.1.0"
      }
    }
  }
}
